
Microsoft Visual Studio Solution File, Format Version 12.00
# Visual Studio Version 16
VisualStudioVersion = 16.0.30717.126
MinimumVisualStudioVersion = 10.0.40219.1
Project("{FAE04EC0-301F-11D3-BF4B-00C04F79EFBC}") = "Google.Maps.Tests", "Google.Maps.Tests.csproj", "{DA2A4D39-EF68-42A9-8A01-E8930C3B3054}"
EndProject
Global
	GlobalSection(SolutionConfigurationPlatforms) = preSolution
		Debug|Any CPU = Debug|Any CPU
		Release|Any CPU = Release|Any CPU
	EndGlobalSection
	GlobalSection(ProjectConfigurationPlatforms) = postSolution
		{DA2A4D39-EF68-42A9-8A01-E8930C3B3054}.Debug|Any CPU.ActiveCfg = Debug|Any CPU
		{DA2A4D39-EF68-42A9-8A01-E8930C3B3054}.Debug|Any CPU.Build.0 = Debug|Any CPU
		{DA2A4D39-EF68-42A9-8A01-E8930C3B3054}.Release|Any CPU.ActiveCfg = Release|Any CPU
		{DA2A4D39-EF68-42A9-8A01-E8930C3B3054}.Release|Any CPU.Build.0 = Release|Any CPU
	EndGlobalSection
	GlobalSection(SolutionProperties) = preSolution
		HideSolutionNode = FALSE
	EndGlobalSection
	GlobalSection(ExtensibilityGlobals) = postSolution
		SolutionGuid = {78444A65-2E8F-42C6-8B07-615499DB4770}
	EndGlobalSection
EndGlobal
